
Microsoft Visual Studio Solution File, Format Version 12.00
# Visual Studio Version 16
VisualStudioVersion = 16.0.30517.126
MinimumVisualStudioVersion = 10.0.40219.1
Project("{E24C65DC-7377-472B-9ABA-BC803B73C61A}") = "PCTYBenefitsServerApp", "..\", "{829A3DCE-9631-4374-AE90-FF5635E58CA9}"
	ProjectSection(WebsiteProperties) = preProject
		TargetFrameworkMoniker = ".NETFramework,Version%3Dv4.0"
		Debug.AspNetCompiler.VirtualPath = "/localhost_55280"
		Debug.AspNetCompiler.PhysicalPath = "..\ServerApp\"
		Debug.AspNetCompiler.TargetPath = "PrecompiledWeb\localhost_55280\"
		Debug.AspNetCompiler.Updateable = "true"
		Debug.AspNetCompiler.ForceOverwrite = "true"
		Debug.AspNetCompiler.FixedNames = "false"
		Debug.AspNetCompiler.Debug = "True"
		Release.AspNetCompiler.VirtualPath = "/localhost_55280"
		Release.AspNetCompiler.PhysicalPath = "..\..\ServerApp\"
		Release.AspNetCompiler.TargetPath = "PrecompiledWeb\localhost_55280\"
		Release.AspNetCompiler.Updateable = "true"
		Release.AspNetCompiler.ForceOverwrite = "true"
		Release.AspNetCompiler.FixedNames = "false"
		Release.AspNetCompiler.Debug = "False"
		VWDPort = "55280"
		SlnRelativePath = "..\..\ServerApp\"
	EndProjectSection
EndProject
Global
	GlobalSection(SolutionConfigurationPlatforms) = preSolution
		Debug|Any CPU = Debug|Any CPU
	EndGlobalSection
	GlobalSection(ProjectConfigurationPlatforms) = postSolution
		{829A3DCE-9631-4374-AE90-FF5635E58CA9}.Debug|Any CPU.ActiveCfg = Debug|Any CPU
		{829A3DCE-9631-4374-AE90-FF5635E58CA9}.Debug|Any CPU.Build.0 = Debug|Any CPU
	EndGlobalSection
	GlobalSection(SolutionProperties) = preSolution
		HideSolutionNode = FALSE
	EndGlobalSection
	GlobalSection(ExtensibilityGlobals) = postSolution
		SolutionGuid = {72E38C4D-B105-4465-ACEE-902D76FDC73A}
	EndGlobalSection
EndGlobal
